
Microsoft Visual Studio Solution File, Format Version 12.00
# Visual Studio Version 16
VisualStudioVersion = 16.0.29709.97
MinimumVisualStudioVersion = 10.0.40219.1
Project("{FAE04EC0-301F-11D3-BF4B-00C04F79EFBC}") = "BankAccount", "BankAccount\BankAccount.csproj", "{2F1DBC2C-3B99-42F8-B4AB-9DA78EFED659}"
EndProject
Project("{FAE04EC0-301F-11D3-BF4B-00C04F79EFBC}") = "BankTests", "BankTests\BankTests.csproj", "{9FB23E65-37E2-4905-BEBE-484861FEF3C0}"
EndProject
Global
	GlobalSection(SolutionConfigurationPlatforms) = preSolution
		Debug|Any CPU = Debug|Any CPU
		Release|Any CPU = Release|Any CPU
	EndGlobalSection
	GlobalSection(ProjectConfigurationPlatforms) = postSolution
		{2F1DBC2C-3B99-42F8-B4AB-9DA78EFED659}.Debug|Any CPU.ActiveCfg = Debug|Any CPU
		{2F1DBC2C-3B99-42F8-B4AB-9DA78EFED659}.Debug|Any CPU.Build.0 = Debug|Any CPU
		{2F1DBC2C-3B99-42F8-B4AB-9DA78EFED659}.Release|Any CPU.ActiveCfg = Release|Any CPU
		{2F1DBC2C-3B99-42F8-B4AB-9DA78EFED659}.Release|Any CPU.Build.0 = Release|Any CPU
		{9FB23E65-37E2-4905-BEBE-484861FEF3C0}.Debug|Any CPU.ActiveCfg = Debug|Any CPU
		{9FB23E65-37E2-4905-BEBE-484861FEF3C0}.Debug|Any CPU.Build.0 = Debug|Any CPU
		{9FB23E65-37E2-4905-BEBE-484861FEF3C0}.Release|Any CPU.ActiveCfg = Release|Any CPU
		{9FB23E65-37E2-4905-BEBE-484861FEF3C0}.Release|Any CPU.Build.0 = Release|Any CPU
	EndGlobalSection
	GlobalSection(SolutionProperties) = preSolution
		HideSolutionNode = FALSE
	EndGlobalSection
	GlobalSection(ExtensibilityGlobals) = postSolution
		SolutionGuid = {2142E707-9AB9-4F26-9716-CA04A38412F3}
	EndGlobalSection
EndGlobal
